
Microsoft Visual Studio Solution File, Format Version 12.00
# Visual Studio 14
VisualStudioVersion = 14.0.22310.1
MinimumVisualStudioVersion = 10.0.40219.1
Project("{FAE04EC0-301F-11D3-BF4B-00C04F79EFBC}") = "QLDV.ChamCong", "PTestLab\QLDV.ChamCong.csproj", "{B3FB17D5-B7FC-47D3-9A1B-15ED168F4B92}"
EndProject
Global
	GlobalSection(SolutionConfigurationPlatforms) = preSolution
		Debug|Any CPU = Debug|Any CPU
		Release|Any CPU = Release|Any CPU
	EndGlobalSection
	GlobalSection(ProjectConfigurationPlatforms) = postSolution
		{B3FB17D5-B7FC-47D3-9A1B-15ED168F4B92}.Debug|Any CPU.ActiveCfg = Debug|Any CPU
		{B3FB17D5-B7FC-47D3-9A1B-15ED168F4B92}.Debug|Any CPU.Build.0 = Debug|Any CPU
		{B3FB17D5-B7FC-47D3-9A1B-15ED168F4B92}.Release|Any CPU.ActiveCfg = Release|Any CPU
		{B3FB17D5-B7FC-47D3-9A1B-15ED168F4B92}.Release|Any CPU.Build.0 = Release|Any CPU
	EndGlobalSection
	GlobalSection(SolutionProperties) = preSolution
		HideSolutionNode = FALSE
	EndGlobalSection
EndGlobal
